// !$*UTF8*$!
{
	archiveVersion = 1;
	classes = {
	};
	objectVersion = 46;
	objects = {

/* Begin PBXBuildFile section */
		6BE5F5AF1914D90D00AE9D3E /* Foundation.framework in Frameworks */ = {isa = PBXBuildFile; fileRef = 6BE5F5AE1914D90D00AE9D3E /* Foundation.framework */; };
		6BE5F5B11914D90D00AE9D3E /* CoreGraphics.framework in Frameworks */ = {isa = PBXBuildFile; fileRef = 6BE5F5B01914D90D00AE9D3E /* CoreGraphics.framework */; };
		6BE5F5B31914D90D00AE9D3E /* UIKit.framework in Frameworks */ = {isa = PBXBuildFile; fileRef = 6BE5F5B21914D90D00AE9D3E /* UIKit.framework */; };
		6BE5F5B91914D90D00AE9D3E /* InfoPlist.strings in Resources */ = {isa = PBXBuildFile; fileRef = 6BE5F5B71914D90D00AE9D3E /* InfoPlist.strings */; };
		6BE5F5BB1914D90D00AE9D3E /* main.m in Sources */ = {isa = PBXBuildFile; fileRef = 6BE5F5BA1914D90D00AE9D3E /* main.m */; };
		6BE5F5BF1914D90D00AE9D3E /* CPAppDelegate.m in Sources */ = {isa = PBXBuildFile; fileRef = 6BE5F5BE1914D90D00AE9D3E /* CPAppDelegate.m */; };
		6BE5F5C21914D90D00AE9D3E /* Main.storyboard in Resources */ = {isa = PBXBuildFile; fileRef = 6BE5F5C01914D90D00AE9D3E /* Main.storyboard */; };
		6BE5F5C51914D90D00AE9D3E /* CPViewController.m in Sources */ = {isa = PBXBuildFile; fileRef = 6BE5F5C41914D90D00AE9D3E /* CPViewController.m */; };
		6BE5F5C71914D90D00AE9D3E /* Images.xcassets in Resources */ = {isa = PBXBuildFile; fileRef = 6BE5F5C61914D90D00AE9D3E /* Images.xcassets */; };
		6BE5F5CE1914D90E00AE9D3E /* XCTest.framework in Frameworks */ = {isa = PBXBuildFile; fileRef = 6BE5F5CD1914D90E00AE9D3E /* XCTest.framework */; };
		6BE5F5CF1914D90E00AE9D3E /* Foundation.framework in Frameworks */ = {isa = PBXBuildFile; fileRef = 6BE5F5AE1914D90D00AE9D3E /* Foundation.framework */; };
		6BE5F5D01914D90E00AE9D3E /* UIKit.framework in Frameworks */ = {isa = PBXBuildFile; fileRef = 6BE5F5B21914D90D00AE9D3E /* UIKit.framework */; };
		6BE5F5D81914D90E00AE9D3E /* InfoPlist.strings in Resources */ = {isa = PBXBuildFile; fileRef = 6BE5F5D61914D90E00AE9D3E /* InfoPlist.strings */; };
		6BE5F5DA1914D90E00AE9D3E /* CodeplayTests.m in Sources */ = {isa = PBXBuildFile; fileRef = 6BE5F5D91914D90E00AE9D3E /* CodeplayTests.m */; };
		6BE5F5EB1914D9A900AE9D3E /* CPControllerViewController.m in Sources */ = {isa = PBXBuildFile; fileRef = 6BE5F5E41914D9A900AE9D3E /* CPControllerViewController.m */; };
		6BE5F5EC1914D9A900AE9D3E /* CPGameViewController.m in Sources */ = {isa = PBXBuildFile; fileRef = 6BE5F5E61914D9A900AE9D3E /* CPGameViewController.m */; };
		6BE5F5ED1914D9A900AE9D3E /* CPHostViewController.m in Sources */ = {isa = PBXBuildFile; fileRef = 6BE5F5E81914D9A900AE9D3E /* CPHostViewController.m */; };
		6BE5F5EE1914D9A900AE9D3E /* CPMCManager.m in Sources */ = {isa = PBXBuildFile; fileRef = 6BE5F5EA1914D9A900AE9D3E /* CPMCManager.m */; };
		6BE5F5F01914DA0000AE9D3E /* MultipeerConnectivity.framework in Frameworks */ = {isa = PBXBuildFile; fileRef = 6BE5F5EF1914DA0000AE9D3E /* MultipeerConnectivity.framework */; };
		C44AEA621914DE3D00C5B789 /* Spotify.framework in Frameworks */ = {isa = PBXBuildFile; fileRef = C44AEA611914DE3D00C5B789 /* Spotify.framework */; };
		C44AEA651914DEA600C5B789 /* CPSpotifyManager.m in Sources */ = {isa = PBXBuildFile; fileRef = C44AEA641914DEA600C5B789 /* CPSpotifyManager.m */; };
/* End PBXBuildFile section */

/* Begin PBXContainerItemProxy section */
		6BE5F5D11914D90E00AE9D3E /* PBXContainerItemProxy */ = {
			isa = PBXContainerItemProxy;
			containerPortal = 6BE5F5A31914D90D00AE9D3E /* Project object */;
			proxyType = 1;
			remoteGlobalIDString = 6BE5F5AA1914D90D00AE9D3E;
			remoteInfo = Codeplay;
		};
/* End PBXContainerItemProxy section */

/* Begin PBXFileReference section */
		6BE5F5AB1914D90D00AE9D3E /* Codeplay.app */ = {isa = PBXFileReference; explicitFileType = wrapper.application; includeInIndex = 0; path = Codeplay.app; sourceTree = BUILT_PRODUCTS_DIR; };
		6BE5F5AE1914D90D00AE9D3E /* Foundation.framework */ = {isa = PBXFileReference; lastKnownFileType = wrapper.framework; name = Foundation.framework; path = System/Library/Frameworks/Foundation.framework; sourceTree = SDKROOT; };
		6BE5F5B01914D90D00AE9D3E /* CoreGraphics.framework */ = {isa = PBXFileReference; lastKnownFileType = wrapper.framework; name = CoreGraphics.framework; path = System/Library/Frameworks/CoreGraphics.framework; sourceTree = SDKROOT; };
		6BE5F5B21914D90D00AE9D3E /* UIKit.framework */ = {isa = PBXFileReference; lastKnownFileType = wrapper.framework; name = UIKit.framework; path = System/Library/Frameworks/UIKit.framework; sourceTree = SDKROOT; };
		6BE5F5B61914D90D00AE9D3E /* Codeplay-Info.plist */ = {isa = PBXFileReference; lastKnownFileType = text.plist.xml; path = "Codeplay-Info.plist"; sourceTree = "<group>"; };
		6BE5F5B81914D90D00AE9D3E /* en */ = {isa = PBXFileReference; lastKnownFileType = text.plist.strings; name = en; path = en.lproj/InfoPlist.strings; sourceTree = "<group>"; };
		6BE5F5BA1914D90D00AE9D3E /* main.m */ = {isa = PBXFileReference; lastKnownFileType = sourcecode.c.objc; path = main.m; sourceTree = "<group>"; };
		6BE5F5BC1914D90D00AE9D3E /* Codeplay-Prefix.pch */ = {isa = PBXFileReference; lastKnownFileType = sourcecode.c.h; path = "Codeplay-Prefix.pch"; sourceTree = "<group>"; };
		6BE5F5BD1914D90D00AE9D3E /* CPAppDelegate.h */ = {isa = PBXFileReference; lastKnownFileType = sourcecode.c.h; path = CPAppDelegate.h; sourceTree = "<group>"; };
		6BE5F5BE1914D90D00AE9D3E /* CPAppDelegate.m */ = {isa = PBXFileReference; lastKnownFileType = sourcecode.c.objc; path = CPAppDelegate.m; sourceTree = "<group>"; };
		6BE5F5C11914D90D00AE9D3E /* Base */ = {isa = PBXFileReference; lastKnownFileType = file.storyboard; name = Base; path = Base.lproj/Main.storyboard; sourceTree = "<group>"; };
		6BE5F5C31914D90D00AE9D3E /* CPViewController.h */ = {isa = PBXFileReference; lastKnownFileType = sourcecode.c.h; path = CPViewController.h; sourceTree = "<group>"; };
		6BE5F5C41914D90D00AE9D3E /* CPViewController.m */ = {isa = PBXFileReference; lastKnownFileType = sourcecode.c.objc; path = CPViewController.m; sourceTree = "<group>"; };
		6BE5F5C61914D90D00AE9D3E /* Images.xcassets */ = {isa = PBXFileReference; lastKnownFileType = folder.assetcatalog; path = Images.xcassets; sourceTree = "<group>"; };
		6BE5F5CC1914D90E00AE9D3E /* CodeplayTests.xctest */ = {isa = PBXFileReference; explicitFileType = wrapper.cfbundle; includeInIndex = 0; path = CodeplayTests.xctest; sourceTree = BUILT_PRODUCTS_DIR; };
		6BE5F5CD1914D90E00AE9D3E /* XCTest.framework */ = {isa = PBXFileReference; lastKnownFileType = wrapper.framework; name = XCTest.framework; path = Library/Frameworks/XCTest.framework; sourceTree = DEVELOPER_DIR; };
		6BE5F5D51914D90E00AE9D3E /* CodeplayTests-Info.plist */ = {isa = PBXFileReference; lastKnownFileType = text.plist.xml; path = "CodeplayTests-Info.plist"; sourceTree = "<group>"; };
		6BE5F5D71914D90E00AE9D3E /* en */ = {isa = PBXFileReference; lastKnownFileType = text.plist.strings; name = en; path = en.lproj/InfoPlist.strings; sourceTree = "<group>"; };
		6BE5F5D91914D90E00AE9D3E /* CodeplayTests.m */ = {isa = PBXFileReference; lastKnownFileType = sourcecode.c.objc; path = CodeplayTests.m; sourceTree = "<group>"; };
		6BE5F5E31914D9A900AE9D3E /* CPControllerViewController.h */ = {isa = PBXFileReference; fileEncoding = 4; lastKnownFileType = sourcecode.c.h; path = CPControllerViewController.h; sourceTree = "<group>"; };
		6BE5F5E41914D9A900AE9D3E /* CPControllerViewController.m */ = {isa = PBXFileReference; fileEncoding = 4; lastKnownFileType = sourcecode.c.objc; path = CPControllerViewController.m; sourceTree = "<group>"; };
		6BE5F5E51914D9A900AE9D3E /* CPGameViewController.h */ = {isa = PBXFileReference; fileEncoding = 4; lastKnownFileType = sourcecode.c.h; path = CPGameViewController.h; sourceTree = "<group>"; };
		6BE5F5E61914D9A900AE9D3E /* CPGameViewController.m */ = {isa = PBXFileReference; fileEncoding = 4; lastKnownFileType = sourcecode.c.objc; path = CPGameViewController.m; sourceTree = "<group>"; };
		6BE5F5E71914D9A900AE9D3E /* CPHostViewController.h */ = {isa = PBXFileReference; fileEncoding = 4; lastKnownFileType = sourcecode.c.h; path = CPHostViewController.h; sourceTree = "<group>"; };
		6BE5F5E81914D9A900AE9D3E /* CPHostViewController.m */ = {isa = PBXFileReference; fileEncoding = 4; lastKnownFileType = sourcecode.c.objc; path = CPHostViewController.m; sourceTree = "<group>"; };
		6BE5F5E91914D9A900AE9D3E /* CPMCManager.h */ = {isa = PBXFileReference; fileEncoding = 4; lastKnownFileType = sourcecode.c.h; path = CPMCManager.h; sourceTree = "<group>"; };
		6BE5F5EA1914D9A900AE9D3E /* CPMCManager.m */ = {isa = PBXFileReference; fileEncoding = 4; lastKnownFileType = sourcecode.c.objc; path = CPMCManager.m; sourceTree = "<group>"; };
		6BE5F5EF1914DA0000AE9D3E /* MultipeerConnectivity.framework */ = {isa = PBXFileReference; lastKnownFileType = wrapper.framework; name = MultipeerConnectivity.framework; path = System/Library/Frameworks/MultipeerConnectivity.framework; sourceTree = SDKROOT; };
		C44AEA611914DE3D00C5B789 /* Spotify.framework */ = {isa = PBXFileReference; lastKnownFileType = wrapper.framework; name = Spotify.framework; path = Frameworks/Spotify.framework; sourceTree = "<group>"; };
		C44AEA631914DEA600C5B789 /* CPSpotifyManager.h */ = {isa = PBXFileReference; fileEncoding = 4; lastKnownFileType = sourcecode.c.h; path = CPSpotifyManager.h; sourceTree = "<group>"; };
		C44AEA641914DEA600C5B789 /* CPSpotifyManager.m */ = {isa = PBXFileReference; fileEncoding = 4; lastKnownFileType = sourcecode.c.objc; path = CPSpotifyManager.m; sourceTree = "<group>"; };
/* End PBXFileReference section */

/* Begin PBXFrameworksBuildPhase section */
		6BE5F5A81914D90D00AE9D3E /* Frameworks */ = {
			isa = PBXFrameworksBuildPhase;
			buildActionMask = 2147483647;
			files = (
				C44AEA621914DE3D00C5B789 /* Spotify.framework in Frameworks */,
				6BE5F5F01914DA0000AE9D3E /* MultipeerConnectivity.framework in Frameworks */,
				6BE5F5B11914D90D00AE9D3E /* CoreGraphics.framework in Frameworks */,
				6BE5F5B31914D90D00AE9D3E /* UIKit.framework in Frameworks */,
				6BE5F5AF1914D90D00AE9D3E /* Foundation.framework in Frameworks */,
			);
			runOnlyForDeploymentPostprocessing = 0;
		};
		6BE5F5C91914D90E00AE9D3E /* Frameworks */ = {
			isa = PBXFrameworksBuildPhase;
			buildActionMask = 2147483647;
			files = (
				6BE5F5CE1914D90E00AE9D3E /* XCTest.framework in Frameworks */,
				6BE5F5D01914D90E00AE9D3E /* UIKit.framework in Frameworks */,
				6BE5F5CF1914D90E00AE9D3E /* Foundation.framework in Frameworks */,
			);
			runOnlyForDeploymentPostprocessing = 0;
		};
/* End PBXFrameworksBuildPhase section */

/* Begin PBXGroup section */
		6BE5F5A21914D90D00AE9D3E = {
			isa = PBXGroup;
			children = (
				6BE5F5B41914D90D00AE9D3E /* Codeplay */,
				6BE5F5D31914D90E00AE9D3E /* CodeplayTests */,
				6BE5F5AD1914D90D00AE9D3E /* Frameworks */,
				6BE5F5AC1914D90D00AE9D3E /* Products */,
			);
			sourceTree = "<group>";
		};
		6BE5F5AC1914D90D00AE9D3E /* Products */ = {
			isa = PBXGroup;
			children = (
				6BE5F5AB1914D90D00AE9D3E /* Codeplay.app */,
				6BE5F5CC1914D90E00AE9D3E /* CodeplayTests.xctest */,
			);
			name = Products;
			sourceTree = "<group>";
		};
		6BE5F5AD1914D90D00AE9D3E /* Frameworks */ = {
			isa = PBXGroup;
			children = (
				C44AEA611914DE3D00C5B789 /* Spotify.framework */,
				6BE5F5EF1914DA0000AE9D3E /* MultipeerConnectivity.framework */,
				6BE5F5AE1914D90D00AE9D3E /* Foundation.framework */,
				6BE5F5B01914D90D00AE9D3E /* CoreGraphics.framework */,
				6BE5F5B21914D90D00AE9D3E /* UIKit.framework */,
				6BE5F5CD1914D90E00AE9D3E /* XCTest.framework */,
			);
			name = Frameworks;
			sourceTree = "<group>";
		};
		6BE5F5B41914D90D00AE9D3E /* Codeplay */ = {
			isa = PBXGroup;
			children = (
				6BE5F5E31914D9A900AE9D3E /* CPControllerViewController.h */,
				6BE5F5E41914D9A900AE9D3E /* CPControllerViewController.m */,
				6BE5F5E51914D9A900AE9D3E /* CPGameViewController.h */,
				6BE5F5E61914D9A900AE9D3E /* CPGameViewController.m */,
				6BE5F5E71914D9A900AE9D3E /* CPHostViewController.h */,
				6BE5F5E81914D9A900AE9D3E /* CPHostViewController.m */,
				6BE5F5E91914D9A900AE9D3E /* CPMCManager.h */,
				6BE5F5EA1914D9A900AE9D3E /* CPMCManager.m */,
				6BE5F5BD1914D90D00AE9D3E /* CPAppDelegate.h */,
				6BE5F5BE1914D90D00AE9D3E /* CPAppDelegate.m */,
				6BE5F5C01914D90D00AE9D3E /* Main.storyboard */,
				6BE5F5C31914D90D00AE9D3E /* CPViewController.h */,
				6BE5F5C41914D90D00AE9D3E /* CPViewController.m */,
				C44AEA631914DEA600C5B789 /* CPSpotifyManager.h */,
				C44AEA641914DEA600C5B789 /* CPSpotifyManager.m */,
				6BE5F5C61914D90D00AE9D3E /* Images.xcassets */,
				6BE5F5B51914D90D00AE9D3E /* Supporting Files */,
			);
			path = Codeplay;
			sourceTree = "<group>";
		};
		6BE5F5B51914D90D00AE9D3E /* Supporting Files */ = {
			isa = PBXGroup;
			children = (
				6BE5F5B61914D90D00AE9D3E /* Codeplay-Info.plist */,
				6BE5F5B71914D90D00AE9D3E /* InfoPlist.strings */,
				6BE5F5BA1914D90D00AE9D3E /* main.m */,
				6BE5F5BC1914D90D00AE9D3E /* Codeplay-Prefix.pch */,
			);
			name = "Supporting Files";
			sourceTree = "<group>";
		};
		6BE5F5D31914D90E00AE9D3E /* CodeplayTests */ = {
			isa = PBXGroup;
			children = (
				6BE5F5D91914D90E00AE9D3E /* CodeplayTests.m */,
				6BE5F5D41914D90E00AE9D3E /* Supporting Files */,
			);
			path = CodeplayTests;
			sourceTree = "<group>";
		};
		6BE5F5D41914D90E00AE9D3E /* Supporting Files */ = {
			isa = PBXGroup;
			children = (
				6BE5F5D51914D90E00AE9D3E /* CodeplayTests-Info.plist */,
				6BE5F5D61914D90E00AE9D3E /* InfoPlist.strings */,
			);
			name = "Supporting Files";
			sourceTree = "<group>";
		};
/* End PBXGroup section */

/* Begin PBXNativeTarget section */
		6BE5F5AA1914D90D00AE9D3E /* Codeplay */ = {
			isa = PBXNativeTarget;
			buildConfigurationList = 6BE5F5DD1914D90E00AE9D3E /* Build configuration list for PBXNativeTarget "Codeplay" */;
			buildPhases = (
				6BE5F5A71914D90D00AE9D3E /* Sources */,
				6BE5F5A81914D90D00AE9D3E /* Frameworks */,
				6BE5F5A91914D90D00AE9D3E /* Resources */,
			);
			buildRules = (
			);
			dependencies = (
			);
			name = Codeplay;
			productName = Codeplay;
			productReference = 6BE5F5AB1914D90D00AE9D3E /* Codeplay.app */;
			productType = "com.apple.product-type.application";
		};
		6BE5F5CB1914D90E00AE9D3E /* CodeplayTests */ = {
			isa = PBXNativeTarget;
			buildConfigurationList = 6BE5F5E01914D90E00AE9D3E /* Build configuration list for PBXNativeTarget "CodeplayTests" */;
			buildPhases = (
				6BE5F5C81914D90E00AE9D3E /* Sources */,
				6BE5F5C91914D90E00AE9D3E /* Frameworks */,
				6BE5F5CA1914D90E00AE9D3E /* Resources */,
			);
			buildRules = (
			);
			dependencies = (
				6BE5F5D21914D90E00AE9D3E /* PBXTargetDependency */,
			);
			name = CodeplayTests;
			productName = CodeplayTests;
			productReference = 6BE5F5CC1914D90E00AE9D3E /* CodeplayTests.xctest */;
			productType = "com.apple.product-type.bundle.unit-test";
		};
/* End PBXNativeTarget section */

/* Begin PBXProject section */
		6BE5F5A31914D90D00AE9D3E /* Project object */ = {
			isa = PBXProject;
			attributes = {
				CLASSPREFIX = CP;
				LastUpgradeCheck = 0510;
				ORGANIZATIONNAME = Codeplay;
				TargetAttributes = {
					6BE5F5AA1914D90D00AE9D3E = {
						DevelopmentTeam = WWV9AMNH82;
					};
					6BE5F5CB1914D90E00AE9D3E = {
						TestTargetID = 6BE5F5AA1914D90D00AE9D3E;
					};
				};
			};
			buildConfigurationList = 6BE5F5A61914D90D00AE9D3E /* Build configuration list for PBXProject "Codeplay" */;
			compatibilityVersion = "Xcode 3.2";
			developmentRegion = English;
			hasScannedForEncodings = 0;
			knownRegions = (
				en,
				Base,
			);
			mainGroup = 6BE5F5A21914D90D00AE9D3E;
			productRefGroup = 6BE5F5AC1914D90D00AE9D3E /* Products */;
			projectDirPath = "";
			projectRoot = "";
			targets = (
				6BE5F5AA1914D90D00AE9D3E /* Codeplay */,
				6BE5F5CB1914D90E00AE9D3E /* CodeplayTests */,
			);
		};
/* End PBXProject section */

/* Begin PBXResourcesBuildPhase section */
		6BE5F5A91914D90D00AE9D3E /* Resources */ = {
			isa = PBXResourcesBuildPhase;
			buildActionMask = 2147483647;
			files = (
				6BE5F5C71914D90D00AE9D3E /* Images.xcassets in Resources */,
				6BE5F5B91914D90D00AE9D3E /* InfoPlist.strings in Resources */,
				6BE5F5C21914D90D00AE9D3E /* Main.storyboard in Resources */,
			);
			runOnlyForDeploymentPostprocessing = 0;
		};
		6BE5F5CA1914D90E00AE9D3E /* Resources */ = {
			isa = PBXResourcesBuildPhase;
			buildActionMask = 2147483647;
			files = (
				6BE5F5D81914D90E00AE9D3E /* InfoPlist.strings in Resources */,
			);
			runOnlyForDeploymentPostprocessing = 0;
		};
/* End PBXResourcesBuildPhase section */

/* Begin PBXSourcesBuildPhase section */
		6BE5F5A71914D90D00AE9D3E /* Sources */ = {
			isa = PBXSourcesBuildPhase;
			buildActionMask = 2147483647;
			files = (
				6BE5F5BB1914D90D00AE9D3E /* main.m in Sources */,
				C44AEA651914DEA600C5B789 /* CPSpotifyManager.m in Sources */,
				6BE5F5EE1914D9A900AE9D3E /* CPMCManager.m in Sources */,
				6BE5F5EC1914D9A900AE9D3E /* CPGameViewController.m in Sources */,
				6BE5F5EB1914D9A900AE9D3E /* CPControllerViewController.m in Sources */,
				6BE5F5ED1914D9A900AE9D3E /* CPHostViewController.m in Sources */,
				6BE5F5BF1914D90D00AE9D3E /* CPAppDelegate.m in Sources */,
				6BE5F5C51914D90D00AE9D3E /* CPViewController.m in Sources */,
			);
			runOnlyForDeploymentPostprocessing = 0;
		};
		6BE5F5C81914D90E00AE9D3E /* Sources */ = {
			isa = PBXSourcesBuildPhase;
			buildActionMask = 2147483647;
			files = (
				6BE5F5DA1914D90E00AE9D3E /* CodeplayTests.m in Sources */,
			);
			runOnlyForDeploymentPostprocessing = 0;
		};
/* End PBXSourcesBuildPhase section */

/* Begin PBXTargetDependency section */
		6BE5F5D21914D90E00AE9D3E /* PBXTargetDependency */ = {
			isa = PBXTargetDependency;
			target = 6BE5F5AA1914D90D00AE9D3E /* Codeplay */;
			targetProxy = 6BE5F5D11914D90E00AE9D3E /* PBXContainerItemProxy */;
		};
/* End PBXTargetDependency section */

/* Begin PBXVariantGroup section */
		6BE5F5B71914D90D00AE9D3E /* InfoPlist.strings */ = {
			isa = PBXVariantGroup;
			children = (
				6BE5F5B81914D90D00AE9D3E /* en */,
			);
			name = InfoPlist.strings;
			sourceTree = "<group>";
		};
		6BE5F5C01914D90D00AE9D3E /* Main.storyboard */ = {
			isa = PBXVariantGroup;
			children = (
				6BE5F5C11914D90D00AE9D3E /* Base */,
			);
			name = Main.storyboard;
			sourceTree = "<group>";
		};
		6BE5F5D61914D90E00AE9D3E /* InfoPlist.strings */ = {
			isa = PBXVariantGroup;
			children = (
				6BE5F5D71914D90E00AE9D3E /* en */,
			);
			name = InfoPlist.strings;
			sourceTree = "<group>";
		};
/* End PBXVariantGroup section */

/* Begin XCBuildConfiguration section */
		6BE5F5DB1914D90E00AE9D3E /* Debug */ = {
			isa = XCBuildConfiguration;
			buildSettings = {
				ALWAYS_SEARCH_USER_PATHS = NO;
				CLANG_CXX_LANGUAGE_STANDARD = "gnu++0x";
				CLANG_CXX_LIBRARY = "libc++";
				CLANG_ENABLE_MODULES = YES;
				CLANG_ENABLE_OBJC_ARC = YES;
				CLANG_WARN_BOOL_CONVERSION = YES;
				CLANG_WARN_CONSTANT_CONVERSION = YES;
				CLANG_WARN_DIRECT_OBJC_ISA_USAGE = YES_ERROR;
				CLANG_WARN_EMPTY_BODY = YES;
				CLANG_WARN_ENUM_CONVERSION = YES;
				CLANG_WARN_INT_CONVERSION = YES;
				CLANG_WARN_OBJC_ROOT_CLASS = YES_ERROR;
				CLANG_WARN__DUPLICATE_METHOD_MATCH = YES;
				"CODE_SIGN_IDENTITY[sdk=iphoneos*]" = "iPhone Developer";
				COPY_PHASE_STRIP = NO;
				GCC_C_LANGUAGE_STANDARD = gnu99;
				GCC_DYNAMIC_NO_PIC = NO;
				GCC_OPTIMIZATION_LEVEL = 0;
				GCC_PREPROCESSOR_DEFINITIONS = (
					"DEBUG=1",
					"$(inherited)",
				);
				GCC_SYMBOLS_PRIVATE_EXTERN = NO;
				GCC_WARN_64_TO_32_BIT_CONVERSION = YES;
				GCC_WARN_ABOUT_RETURN_TYPE = YES_ERROR;
				GCC_WARN_UNDECLARED_SELECTOR = YES;
				GCC_WARN_UNINITIALIZED_AUTOS = YES_AGGRESSIVE;
				GCC_WARN_UNUSED_FUNCTION = YES;
				GCC_WARN_UNUSED_VARIABLE = YES;
				IPHONEOS_DEPLOYMENT_TARGET = 7.1;
				ONLY_ACTIVE_ARCH = YES;
				SDKROOT = iphoneos;
			};
			name = Debug;
		};
		6BE5F5DC1914D90E00AE9D3E /* Release */ = {
			isa = XCBuildConfiguration;
			buildSettings = {
				ALWAYS_SEARCH_USER_PATHS = NO;
				CLANG_CXX_LANGUAGE_STANDARD = "gnu++0x";
				CLANG_CXX_LIBRARY = "libc++";
				CLANG_ENABLE_MODULES = YES;
				CLANG_ENABLE_OBJC_ARC = YES;
				CLANG_WARN_BOOL_CONVERSION = YES;
				CLANG_WARN_CONSTANT_CONVERSION = YES;
				CLANG_WARN_DIRECT_OBJC_ISA_USAGE = YES_ERROR;
				CLANG_WARN_EMPTY_BODY = YES;
				CLANG_WARN_ENUM_CONVERSION = YES;
				CLANG_WARN_INT_CONVERSION = YES;
				CLANG_WARN_OBJC_ROOT_CLASS = YES_ERROR;
				CLANG_WARN__DUPLICATE_METHOD_MATCH = YES;
				"CODE_SIGN_IDENTITY[sdk=iphoneos*]" = "iPhone Developer";
				COPY_PHASE_STRIP = YES;
				ENABLE_NS_ASSERTIONS = NO;
				GCC_C_LANGUAGE_STANDARD = gnu99;
				GCC_WARN_64_TO_32_BIT_CONVERSION = YES;
				GCC_WARN_ABOUT_RETURN_TYPE = YES_ERROR;
				GCC_WARN_UNDECLARED_SELECTOR = YES;
				GCC_WARN_UNINITIALIZED_AUTOS = YES_AGGRESSIVE;
				GCC_WARN_UNUSED_FUNCTION = YES;
				GCC_WARN_UNUSED_VARIABLE = YES;
				IPHONEOS_DEPLOYMENT_TARGET = 7.1;
				SDKROOT = iphoneos;
				VALIDATE_PRODUCT = YES;
			};
			name = Release;
		};
		6BE5F5DE1914D90E00AE9D3E /* Debug */ = {
			isa = XCBuildConfiguration;
			buildSettings = {
				ASSETCATALOG_COMPILER_APPICON_NAME = AppIcon;
				ASSETCATALOG_COMPILER_LAUNCHIMAGE_NAME = LaunchImage;
				CODE_SIGN_IDENTITY = "iPhone Developer";
				FRAMEWORK_SEARCH_PATHS = (
					"$(inherited)",
					"$(PROJECT_DIR)/Frameworks",
				);
				GCC_PRECOMPILE_PREFIX_HEADER = YES;
				GCC_PREFIX_HEADER = "Codeplay/Codeplay-Prefix.pch";
				INFOPLIST_FILE = "Codeplay/Codeplay-Info.plist";
				IPHONEOS_DEPLOYMENT_TARGET = 7.0;
				PRODUCT_NAME = "$(TARGET_NAME)";
				WRAPPER_EXTENSION = app;
			};
			name = Debug;
		};
		6BE5F5DF1914D90E00AE9D3E /* Release */ = {
			isa = XCBuildConfiguration;
			buildSettings = {
				ASSETCATALOG_COMPILER_APPICON_NAME = AppIcon;
				ASSETCATALOG_COMPILER_LAUNCHIMAGE_NAME = LaunchImage;
				CODE_SIGN_IDENTITY = "iPhone Developer";
				FRAMEWORK_SEARCH_PATHS = (
					"$(inherited)",
					"$(PROJECT_DIR)/Frameworks",
				);
				GCC_PRECOMPILE_PREFIX_HEADER = YES;
				GCC_PREFIX_HEADER = "Codeplay/Codeplay-Prefix.pch";
				INFOPLIST_FILE = "Codeplay/Codeplay-Info.plist";
				IPHONEOS_DEPLOYMENT_TARGET = 7.0;
				PRODUCT_NAME = "$(TARGET_NAME)";
				WRAPPER_EXTENSION = app;
			};
			name = Release;
		};
		6BE5F5E11914D90E00AE9D3E /* Debug */ = {
			isa = XCBuildConfiguration;
			buildSettings = {
				BUNDLE_LOADER = "$(BUILT_PRODUCTS_DIR)/Codeplay.app/Codeplay";
				FRAMEWORK_SEARCH_PATHS = (
					"$(SDKROOT)/Developer/Library/Frameworks",
					"$(inherited)",
					"$(DEVELOPER_FRAMEWORKS_DIR)",
				);
				GCC_PRECOMPILE_PREFIX_HEADER = YES;
				GCC_PREFIX_HEADER = "Codeplay/Codeplay-Prefix.pch";
				GCC_PREPROCESSOR_DEFINITIONS = (
					"DEBUG=1",
					"$(inherited)",
				);
				INFOPLIST_FILE = "CodeplayTests/CodeplayTests-Info.plist";
				PRODUCT_NAME = "$(TARGET_NAME)";
				TEST_HOST = "$(BUNDLE_LOADER)";
				WRAPPER_EXTENSION = xctest;
			};
			name = Debug;
		};
		6BE5F5E21914D90E00AE9D3E /* Release */ = {
			isa = XCBuildConfiguration;
			buildSettings = {
				BUNDLE_LOADER = "$(BUILT_PRODUCTS_DIR)/Codeplay.app/Codeplay";
				FRAMEWORK_SEARCH_PATHS = (
					"$(SDKROOT)/Developer/Library/Frameworks",
					"$(inherited)",
					"$(DEVELOPER_FRAMEWORKS_DIR)",
				);
				GCC_PRECOMPILE_PREFIX_HEADER = YES;
				GCC_PREFIX_HEADER = "Codeplay/Codeplay-Prefix.pch";
				INFOPLIST_FILE = "CodeplayTests/CodeplayTests-Info.plist";
				PRODUCT_NAME = "$(TARGET_NAME)";
				TEST_HOST = "$(BUNDLE_LOADER)";
				WRAPPER_EXTENSION = xctest;
			};
			name = Release;
		};
/* End XCBuildConfiguration section */

/* Begin XCConfigurationList section */
		6BE5F5A61914D90D00AE9D3E /* Build configuration list for PBXProject "Codeplay" */ = {
			isa = XCConfigurationList;
			buildConfigurations = (
				6BE5F5DB1914D90E00AE9D3E /* Debug */,
				6BE5F5DC1914D90E00AE9D3E /* Release */,
			);
			defaultConfigurationIsVisible = 0;
			defaultConfigurationName = Release;
		};
		6BE5F5DD1914D90E00AE9D3E /* Build configuration list for PBXNativeTarget "Codeplay" */ = {
			isa = XCConfigurationList;
			buildConfigurations = (
				6BE5F5DE1914D90E00AE9D3E /* Debug */,
				6BE5F5DF1914D90E00AE9D3E /* Release */,
			);
			defaultConfigurationIsVisible = 0;
			defaultConfigurationName = Release;
		};
		6BE5F5E01914D90E00AE9D3E /* Build configuration list for PBXNativeTarget "CodeplayTests" */ = {
			isa = XCConfigurationList;
			buildConfigurations = (
				6BE5F5E11914D90E00AE9D3E /* Debug */,
				6BE5F5E21914D90E00AE9D3E /* Release */,
			);
			defaultConfigurationIsVisible = 0;
			defaultConfigurationName = Release;
		};
/* End XCConfigurationList section */
	};
	rootObject = 6BE5F5A31914D90D00AE9D3E /* Project object */;
}
